
Microsoft Visual Studio Solution File, Format Version 12.00
# Visual Studio Version 16
VisualStudioVersion = 16.0.31410.357
MinimumVisualStudioVersion = 10.0.40219.1
Project("{FAE04EC0-301F-11D3-BF4B-00C04F79EFBC}") = "Calc", "Calc\Calc.csproj", "{FB074D54-6CE2-43D7-A245-BCEF53251631}"
EndProject
Global
	GlobalSection(SolutionConfigurationPlatforms) = preSolution
		Debug|Any CPU = Debug|Any CPU
		Release|Any CPU = Release|Any CPU
	EndGlobalSection
	GlobalSection(ProjectConfigurationPlatforms) = postSolution
		{FB074D54-6CE2-43D7-A245-BCEF53251631}.Debug|Any CPU.ActiveCfg = Debug|Any CPU
		{FB074D54-6CE2-43D7-A245-BCEF53251631}.Debug|Any CPU.Build.0 = Debug|Any CPU
		{FB074D54-6CE2-43D7-A245-BCEF53251631}.Release|Any CPU.ActiveCfg = Release|Any CPU
		{FB074D54-6CE2-43D7-A245-BCEF53251631}.Release|Any CPU.Build.0 = Release|Any CPU
	EndGlobalSection
	GlobalSection(SolutionProperties) = preSolution
		HideSolutionNode = FALSE
	EndGlobalSection
	GlobalSection(ExtensibilityGlobals) = postSolution
		SolutionGuid = {28F02C93-563E-44B1-AAD9-7B42D6F1F8FF}
	EndGlobalSection
EndGlobal
